{
    "_readme": [
        "This file locks the dependencies of your project to a known state",
        "Read more about it at https://getcomposer.org/doc/01-basic-usage.md#installing-dependencies",
        "This file is @generated automatically"
    ],
    "content-hash": "d0f0a4ddc00cf74cfe2c90d5c81009af",
    "packages": [
        {
            "name": "postcode-nl/api-client",
            "version": "dev-master",
            "source": {
                "type": "git",
                "url": "https://github.com/postcode-nl/PostcodeNl_Api_Client.git",
                "reference": "4001d518f5cfd9dcff6b0affe5f57592b00965a8"
            },
            "dist": {
                "type": "zip",
                "url": "https://api.github.com/repos/postcode-nl/PostcodeNl_Api_Client/zipball/4001d518f5cfd9dcff6b0affe5f57592b00965a8",
                "reference": "4001d518f5cfd9dcff6b0affe5f57592b00965a8",
                "shasum": ""
            },
            "require": {
                "ext-curl": "*",
                "php": ">=7.2"
            },
            "type": "library",
            "autoload": {
                "psr-0": {
                    "PostcodeNl\\Api": "src/"
                },
                "classmap": [
                    "src/PostcodeNl/Api/Client.php"
                ]
            },
            "notification-url": "https://packagist.org/downloads/",
            "license": [
                "BSD-2-Clause"
            ],
            "authors": [
                {
                    "name": "Postcode.nl B.V.",
                    "role": "Developer"
                }
            ],
            "description": "A client to the Postcode.nl Address Api for international address validation. You will need to create an account at https://api.postcode.nl.",
            "homepage": "https://api.postcode.nl",
            "keywords": [
                "Belgium",
                "Luxembourg",
                "address",
                "api",
                "austria",
                "autocomplete",
                "client",
                "germany",
                "netherlands",
                "postcode",
                "rest",
                "switzerland"
            ],
            "time": "2020-11-18T12:51:48+00:00"
        }
    ],
    "packages-dev": [],
    "aliases": [],
    "minimum-stability": "stable",
    "stability-flags": {
        "postcode-nl/api-client": 20
    },
    "prefer-stable": false,
    "prefer-lowest": false,
    "platform": [],
    "platform-dev": [],
    "plugin-api-version": "1.1.0"
}
